
Microsoft Visual Studio Solution File, Format Version 12.00
# Visual Studio 14
VisualStudioVersion = 14.0.23107.0
MinimumVisualStudioVersion = 10.0.40219.1
Project("{FAE04EC0-301F-11D3-BF4B-00C04F79EFBC}") = "Command_Interpreter", "Command_Interpreter\Command_Interpreter.csproj", "{F6A783EE-695B-4B04-97C2-32C288DACF01}"
EndProject
Project("{FAE04EC0-301F-11D3-BF4B-00C04F79EFBC}") = "Rage_Quit", "Rage_Quit\Rage_Quit.csproj", "{06B5CBD5-0140-4DDE-93EC-1137EAA0043D}"
EndProject
Project("{FAE04EC0-301F-11D3-BF4B-00C04F79EFBC}") = "Files", "Files\Files.csproj", "{57FBF7AF-D6BC-4F8E-B429-A2D5D02210EF}"
EndProject
Global
	GlobalSection(SolutionConfigurationPlatforms) = preSolution
		Debug|Any CPU = Debug|Any CPU
		Release|Any CPU = Release|Any CPU
	EndGlobalSection
	GlobalSection(ProjectConfigurationPlatforms) = postSolution
		{F6A783EE-695B-4B04-97C2-32C288DACF01}.Debug|Any CPU.ActiveCfg = Debug|Any CPU
		{F6A783EE-695B-4B04-97C2-32C288DACF01}.Debug|Any CPU.Build.0 = Debug|Any CPU
		{F6A783EE-695B-4B04-97C2-32C288DACF01}.Release|Any CPU.ActiveCfg = Release|Any CPU
		{F6A783EE-695B-4B04-97C2-32C288DACF01}.Release|Any CPU.Build.0 = Release|Any CPU
		{06B5CBD5-0140-4DDE-93EC-1137EAA0043D}.Debug|Any CPU.ActiveCfg = Debug|Any CPU
		{06B5CBD5-0140-4DDE-93EC-1137EAA0043D}.Debug|Any CPU.Build.0 = Debug|Any CPU
		{06B5CBD5-0140-4DDE-93EC-1137EAA0043D}.Release|Any CPU.ActiveCfg = Release|Any CPU
		{06B5CBD5-0140-4DDE-93EC-1137EAA0043D}.Release|Any CPU.Build.0 = Release|Any CPU
		{57FBF7AF-D6BC-4F8E-B429-A2D5D02210EF}.Debug|Any CPU.ActiveCfg = Debug|Any CPU
		{57FBF7AF-D6BC-4F8E-B429-A2D5D02210EF}.Debug|Any CPU.Build.0 = Debug|Any CPU
		{57FBF7AF-D6BC-4F8E-B429-A2D5D02210EF}.Release|Any CPU.ActiveCfg = Release|Any CPU
		{57FBF7AF-D6BC-4F8E-B429-A2D5D02210EF}.Release|Any CPU.Build.0 = Release|Any CPU
	EndGlobalSection
	GlobalSection(SolutionProperties) = preSolution
		HideSolutionNode = FALSE
	EndGlobalSection
EndGlobal
